// !$*UTF8*$!
{
	archiveVersion = 1;
	classes = {
	};
	objectVersion = 51;
	objects = {

/* Begin PBXBuildFile section */
		7F0A72FF23D86235005DFC7E /* Chart_ViewController.swift in Sources */ = {isa = PBXBuildFile; fileRef = 7F0A72FE23D86235005DFC7E /* Chart_ViewController.swift */; };
		7FCF06CA23C88B68001C5430 /* AppDelegate.swift in Sources */ = {isa = PBXBuildFile; fileRef = 7FCF06C923C88B68001C5430 /* AppDelegate.swift */; };
		7FCF06CC23C88B68001C5430 /* Login_ViewController.swift in Sources */ = {isa = PBXBuildFile; fileRef = 7FCF06CB23C88B68001C5430 /* Login_ViewController.swift */; };
		7FCF06CF23C88B68001C5430 /* Main.storyboard in Resources */ = {isa = PBXBuildFile; fileRef = 7FCF06CD23C88B68001C5430 /* Main.storyboard */; };
		7FCF06D123C88B6F001C5430 /* Assets.xcassets in Resources */ = {isa = PBXBuildFile; fileRef = 7FCF06D023C88B6F001C5430 /* Assets.xcassets */; };
		7FCF06D423C88B6F001C5430 /* LaunchScreen.storyboard in Resources */ = {isa = PBXBuildFile; fileRef = 7FCF06D223C88B6F001C5430 /* LaunchScreen.storyboard */; };
		7FCF06DE23C8998E001C5430 /* Singup_ViewController.swift in Sources */ = {isa = PBXBuildFile; fileRef = 7FCF06DD23C8998E001C5430 /* Singup_ViewController.swift */; };
		7FD9617B23CDD4BC00060B74 /* RestorePass_ViewController.swift in Sources */ = {isa = PBXBuildFile; fileRef = 7FD9617A23CDD4BC00060B74 /* RestorePass_ViewController.swift */; };
		7FFD500323D1B5A000EC3EA4 /* AppInfo_ViewController.swift in Sources */ = {isa = PBXBuildFile; fileRef = 7FFD500223D1B5A000EC3EA4 /* AppInfo_ViewController.swift */; };
		7FFD500523D1C6CE00EC3EA4 /* NewRestriction_ViewController.swift in Sources */ = {isa = PBXBuildFile; fileRef = 7FFD500423D1C6CE00EC3EA4 /* NewRestriction_ViewController.swift */; };
		8920E0EC23CFA545002F3F5A /* ViewController.swift in Sources */ = {isa = PBXBuildFile; fileRef = 8920E0EB23CFA545002F3F5A /* ViewController.swift */; };
		8920E0EE23CFBF9F002F3F5A /* AppTableViewCell.swift in Sources */ = {isa = PBXBuildFile; fileRef = 8920E0ED23CFBF9F002F3F5A /* AppTableViewCell.swift */; };
		89215E6323D0E778006D084A /* EditPassword_ViewController.swift in Sources */ = {isa = PBXBuildFile; fileRef = 89215E6223D0E778006D084A /* EditPassword_ViewController.swift */; };
		892A818523CE4AAB002A4484 /* User_ViewController.swift in Sources */ = {isa = PBXBuildFile; fileRef = 892A818423CE4AAB002A4484 /* User_ViewController.swift */; };
		892B1DF823D3886900BD1260 /* AppInfo_Table_ViewController.swift in Sources */ = {isa = PBXBuildFile; fileRef = 892B1DF723D3886900BD1260 /* AppInfo_Table_ViewController.swift */; };
		892F85F723D3BC49007202F3 /* Map_ViewController.swift in Sources */ = {isa = PBXBuildFile; fileRef = 892F85F623D3BC49007202F3 /* Map_ViewController.swift */; };
		89FE70C623D4DE0E000E5EE0 /* Restriction_Table_ViewController.swift in Sources */ = {isa = PBXBuildFile; fileRef = 89FE70C523D4DE0E000E5EE0 /* Restriction_Table_ViewController.swift */; };
		C87D319DB8E65959003DD305 /* Pods_all_pods_BienestarDigital.framework in Frameworks */ = {isa = PBXBuildFile; fileRef = 952144F47C57715F0763A112 /* Pods_all_pods_BienestarDigital.framework */; };
/* End PBXBuildFile section */

/* Begin PBXFileReference section */
		10CE0840C15FAABA3BF93C18 /* Pods-all_pods-BienestarDigital.debug.xcconfig */ = {isa = PBXFileReference; includeInIndex = 1; lastKnownFileType = text.xcconfig; name = "Pods-all_pods-BienestarDigital.debug.xcconfig"; path = "Target Support Files/Pods-all_pods-BienestarDigital/Pods-all_pods-BienestarDigital.debug.xcconfig"; sourceTree = "<group>"; };
		2FFABF403B12F74C52F40333 /* Pods-all_pods-BienestarDigital.release.xcconfig */ = {isa = PBXFileReference; includeInIndex = 1; lastKnownFileType = text.xcconfig; name = "Pods-all_pods-BienestarDigital.release.xcconfig"; path = "Target Support Files/Pods-all_pods-BienestarDigital/Pods-all_pods-BienestarDigital.release.xcconfig"; sourceTree = "<group>"; };
		7F0A72FE23D86235005DFC7E /* Chart_ViewController.swift */ = {isa = PBXFileReference; lastKnownFileType = sourcecode.swift; path = Chart_ViewController.swift; sourceTree = "<group>"; };
		7FCF06C623C88B68001C5430 /* BienestarDigital.app */ = {isa = PBXFileReference; explicitFileType = wrapper.application; includeInIndex = 0; path = BienestarDigital.app; sourceTree = BUILT_PRODUCTS_DIR; };
		7FCF06C923C88B68001C5430 /* AppDelegate.swift */ = {isa = PBXFileReference; lastKnownFileType = sourcecode.swift; path = AppDelegate.swift; sourceTree = "<group>"; };
		7FCF06CB23C88B68001C5430 /* Login_ViewController.swift */ = {isa = PBXFileReference; lastKnownFileType = sourcecode.swift; path = Login_ViewController.swift; sourceTree = "<group>"; };
		7FCF06CE23C88B68001C5430 /* Base */ = {isa = PBXFileReference; lastKnownFileType = file.storyboard; name = Base; path = Base.lproj/Main.storyboard; sourceTree = "<group>"; };
		7FCF06D023C88B6F001C5430 /* Assets.xcassets */ = {isa = PBXFileReference; lastKnownFileType = folder.assetcatalog; path = Assets.xcassets; sourceTree = "<group>"; };
		7FCF06D323C88B6F001C5430 /* Base */ = {isa = PBXFileReference; lastKnownFileType = file.storyboard; name = Base; path = Base.lproj/LaunchScreen.storyboard; sourceTree = "<group>"; };
		7FCF06D523C88B6F001C5430 /* Info.plist */ = {isa = PBXFileReference; lastKnownFileType = text.plist.xml; path = Info.plist; sourceTree = "<group>"; };
		7FCF06DD23C8998E001C5430 /* Singup_ViewController.swift */ = {isa = PBXFileReference; lastKnownFileType = sourcecode.swift; path = Singup_ViewController.swift; sourceTree = "<group>"; };
		7FD9617A23CDD4BC00060B74 /* RestorePass_ViewController.swift */ = {isa = PBXFileReference; lastKnownFileType = sourcecode.swift; path = RestorePass_ViewController.swift; sourceTree = "<group>"; };
		7FFD500223D1B5A000EC3EA4 /* AppInfo_ViewController.swift */ = {isa = PBXFileReference; lastKnownFileType = sourcecode.swift; path = AppInfo_ViewController.swift; sourceTree = "<group>"; };
		7FFD500423D1C6CE00EC3EA4 /* NewRestriction_ViewController.swift */ = {isa = PBXFileReference; lastKnownFileType = sourcecode.swift; path = NewRestriction_ViewController.swift; sourceTree = "<group>"; };
		8920E0EB23CFA545002F3F5A /* ViewController.swift */ = {isa = PBXFileReference; lastKnownFileType = sourcecode.swift; name = ViewController.swift; path = /Volumes/SAMSUNG/IVANODP/2/iOS/BienestarDigital/BienestarDigital/ViewController.swift; sourceTree = "<absolute>"; };
		8920E0ED23CFBF9F002F3F5A /* AppTableViewCell.swift */ = {isa = PBXFileReference; lastKnownFileType = sourcecode.swift; path = AppTableViewCell.swift; sourceTree = "<group>"; };
		89215E6223D0E778006D084A /* EditPassword_ViewController.swift */ = {isa = PBXFileReference; lastKnownFileType = sourcecode.swift; path = EditPassword_ViewController.swift; sourceTree = "<group>"; };
		892A818423CE4AAB002A4484 /* User_ViewController.swift */ = {isa = PBXFileReference; lastKnownFileType = sourcecode.swift; path = User_ViewController.swift; sourceTree = "<group>"; };
		892B1DF723D3886900BD1260 /* AppInfo_Table_ViewController.swift */ = {isa = PBXFileReference; lastKnownFileType = sourcecode.swift; path = AppInfo_Table_ViewController.swift; sourceTree = "<group>"; };
		892F85F623D3BC49007202F3 /* Map_ViewController.swift */ = {isa = PBXFileReference; lastKnownFileType = sourcecode.swift; path = Map_ViewController.swift; sourceTree = "<group>"; };
		89FE70C523D4DE0E000E5EE0 /* Restriction_Table_ViewController.swift */ = {isa = PBXFileReference; lastKnownFileType = sourcecode.swift; path = Restriction_Table_ViewController.swift; sourceTree = "<group>"; };
		952144F47C57715F0763A112 /* Pods_all_pods_BienestarDigital.framework */ = {isa = PBXFileReference; explicitFileType = wrapper.framework; includeInIndex = 0; path = Pods_all_pods_BienestarDigital.framework; sourceTree = BUILT_PRODUCTS_DIR; };
		CE2675117CEE4798A4F8EDE8 /* Pods-BienestarDigital.debug.xcconfig */ = {isa = PBXFileReference; includeInIndex = 1; lastKnownFileType = text.xcconfig; name = "Pods-BienestarDigital.debug.xcconfig"; path = "Target Support Files/Pods-BienestarDigital/Pods-BienestarDigital.debug.xcconfig"; sourceTree = "<group>"; };
		EFF07939B72010249C8D36DB /* Pods-BienestarDigital.release.xcconfig */ = {isa = PBXFileReference; includeInIndex = 1; lastKnownFileType = text.xcconfig; name = "Pods-BienestarDigital.release.xcconfig"; path = "Target Support Files/Pods-BienestarDigital/Pods-BienestarDigital.release.xcconfig"; sourceTree = "<group>"; };
/* End PBXFileReference section */

/* Begin PBXFrameworksBuildPhase section */
		7FCF06C323C88B68001C5430 /* Frameworks */ = {
			isa = PBXFrameworksBuildPhase;
			buildActionMask = 2147483647;
			files = (
				C87D319DB8E65959003DD305 /* Pods_all_pods_BienestarDigital.framework in Frameworks */,
			);
			runOnlyForDeploymentPostprocessing = 0;
		};
/* End PBXFrameworksBuildPhase section */

/* Begin PBXGroup section */
		7FCF06BD23C88B68001C5430 = {
			isa = PBXGroup;
			children = (
				7FCF06C823C88B68001C5430 /* BienestarDigital */,
				7FCF06C723C88B68001C5430 /* Products */,
				D951B6E90A00AC52751F797F /* Pods */,
				BB1AD3FD987F97F2ABC9E976 /* Frameworks */,
			);
			sourceTree = "<group>";
		};
		7FCF06C723C88B68001C5430 /* Products */ = {
			isa = PBXGroup;
			children = (
				7FCF06C623C88B68001C5430 /* BienestarDigital.app */,
			);
			name = Products;
			sourceTree = "<group>";
		};
		7FCF06C823C88B68001C5430 /* BienestarDigital */ = {
			isa = PBXGroup;
			children = (
				8920E0EB23CFA545002F3F5A /* ViewController.swift */,
				7FCF06C923C88B68001C5430 /* AppDelegate.swift */,
				7FCF06CB23C88B68001C5430 /* Login_ViewController.swift */,
				7FCF06CD23C88B68001C5430 /* Main.storyboard */,
				89FE70C523D4DE0E000E5EE0 /* Restriction_Table_ViewController.swift */,
				892F85F623D3BC49007202F3 /* Map_ViewController.swift */,
				8920E0ED23CFBF9F002F3F5A /* AppTableViewCell.swift */,
				892A818423CE4AAB002A4484 /* User_ViewController.swift */,
				892B1DF723D3886900BD1260 /* AppInfo_Table_ViewController.swift */,
				7FD9617A23CDD4BC00060B74 /* RestorePass_ViewController.swift */,
				7FCF06D023C88B6F001C5430 /* Assets.xcassets */,
				7FCF06D223C88B6F001C5430 /* LaunchScreen.storyboard */,
				7FCF06D523C88B6F001C5430 /* Info.plist */,
				7FCF06DD23C8998E001C5430 /* Singup_ViewController.swift */,
				89215E6223D0E778006D084A /* EditPassword_ViewController.swift */,
				7FFD500223D1B5A000EC3EA4 /* AppInfo_ViewController.swift */,
				7FFD500423D1C6CE00EC3EA4 /* NewRestriction_ViewController.swift */,
				7F0A72FE23D86235005DFC7E /* Chart_ViewController.swift */,
			);
			path = BienestarDigital;
			sourceTree = "<group>";
		};
		BB1AD3FD987F97F2ABC9E976 /* Frameworks */ = {
			isa = PBXGroup;
			children = (
				952144F47C57715F0763A112 /* Pods_all_pods_BienestarDigital.framework */,
			);
			name = Frameworks;
			sourceTree = "<group>";
		};
		D951B6E90A00AC52751F797F /* Pods */ = {
			isa = PBXGroup;
			children = (
				CE2675117CEE4798A4F8EDE8 /* Pods-BienestarDigital.debug.xcconfig */,
				EFF07939B72010249C8D36DB /* Pods-BienestarDigital.release.xcconfig */,
				10CE0840C15FAABA3BF93C18 /* Pods-all_pods-BienestarDigital.debug.xcconfig */,
				2FFABF403B12F74C52F40333 /* Pods-all_pods-BienestarDigital.release.xcconfig */,
			);
			path = Pods;
			sourceTree = "<group>";
		};
/* End PBXGroup section */

/* Begin PBXNativeTarget section */
		7FCF06C523C88B68001C5430 /* BienestarDigital */ = {
			isa = PBXNativeTarget;
			buildConfigurationList = 7FCF06D823C88B6F001C5430 /* Build configuration list for PBXNativeTarget "BienestarDigital" */;
			buildPhases = (
				6711557BB4C92965EDBA34E1 /* [CP] Check Pods Manifest.lock */,
				7FCF06C223C88B68001C5430 /* Sources */,
				7FCF06C323C88B68001C5430 /* Frameworks */,
				7FCF06C423C88B68001C5430 /* Resources */,
				55C676A789271AEC95425D03 /* [CP] Embed Pods Frameworks */,
			);
			buildRules = (
			);
			dependencies = (
			);
			name = BienestarDigital;
			productName = BienestarDigital;
			productReference = 7FCF06C623C88B68001C5430 /* BienestarDigital.app */;
			productType = "com.apple.product-type.application";
		};
/* End PBXNativeTarget section */

/* Begin PBXProject section */
		7FCF06BE23C88B68001C5430 /* Project object */ = {
			isa = PBXProject;
			attributes = {
				LastSwiftUpdateCheck = 1020;
				LastUpgradeCheck = 1020;
				ORGANIZATIONNAME = ivanOdP;
				TargetAttributes = {
					7FCF06C523C88B68001C5430 = {
						CreatedOnToolsVersion = 10.2.1;
					};
				};
			};
			buildConfigurationList = 7FCF06C123C88B68001C5430 /* Build configuration list for PBXProject "BienestarDigital" */;
			compatibilityVersion = "Xcode 9.3";
			developmentRegion = en;
			hasScannedForEncodings = 0;
			knownRegions = (
				en,
				Base,
			);
			mainGroup = 7FCF06BD23C88B68001C5430;
			productRefGroup = 7FCF06C723C88B68001C5430 /* Products */;
			projectDirPath = "";
			projectRoot = "";
			targets = (
				7FCF06C523C88B68001C5430 /* BienestarDigital */,
			);
		};
/* End PBXProject section */

/* Begin PBXResourcesBuildPhase section */
		7FCF06C423C88B68001C5430 /* Resources */ = {
			isa = PBXResourcesBuildPhase;
			buildActionMask = 2147483647;
			files = (
				7FCF06D423C88B6F001C5430 /* LaunchScreen.storyboard in Resources */,
				7FCF06D123C88B6F001C5430 /* Assets.xcassets in Resources */,
				7FCF06CF23C88B68001C5430 /* Main.storyboard in Resources */,
			);
			runOnlyForDeploymentPostprocessing = 0;
		};
/* End PBXResourcesBuildPhase section */

/* Begin PBXShellScriptBuildPhase section */
		55C676A789271AEC95425D03 /* [CP] Embed Pods Frameworks */ = {
			isa = PBXShellScriptBuildPhase;
			buildActionMask = 2147483647;
			files = (
			);
			inputFileListPaths = (
				"${PODS_ROOT}/Target Support Files/Pods-all_pods-BienestarDigital/Pods-all_pods-BienestarDigital-frameworks-${CONFIGURATION}-input-files.xcfilelist",
			);
			name = "[CP] Embed Pods Frameworks";
			outputFileListPaths = (
				"${PODS_ROOT}/Target Support Files/Pods-all_pods-BienestarDigital/Pods-all_pods-BienestarDigital-frameworks-${CONFIGURATION}-output-files.xcfilelist",
			);
			runOnlyForDeploymentPostprocessing = 0;
			shellPath = /bin/sh;
			shellScript = "\"${PODS_ROOT}/Target Support Files/Pods-all_pods-BienestarDigital/Pods-all_pods-BienestarDigital-frameworks.sh\"\n";
			showEnvVarsInLog = 0;
		};
		6711557BB4C92965EDBA34E1 /* [CP] Check Pods Manifest.lock */ = {
			isa = PBXShellScriptBuildPhase;
			buildActionMask = 2147483647;
			files = (
			);
			inputFileListPaths = (
			);
			inputPaths = (
				"${PODS_PODFILE_DIR_PATH}/Podfile.lock",
				"${PODS_ROOT}/Manifest.lock",
			);
			name = "[CP] Check Pods Manifest.lock";
			outputFileListPaths = (
			);
			outputPaths = (
				"$(DERIVED_FILE_DIR)/Pods-all_pods-BienestarDigital-checkManifestLockResult.txt",
			);
			runOnlyForDeploymentPostprocessing = 0;
			shellPath = /bin/sh;
			shellScript = "diff \"${PODS_PODFILE_DIR_PATH}/Podfile.lock\" \"${PODS_ROOT}/Manifest.lock\" > /dev/null\nif [ $? != 0 ] ; then\n    # print error to STDERR\n    echo \"error: The sandbox is not in sync with the Podfile.lock. Run 'pod install' or update your CocoaPods installation.\" >&2\n    exit 1\nfi\n# This output is used by Xcode 'outputs' to avoid re-running this script phase.\necho \"SUCCESS\" > \"${SCRIPT_OUTPUT_FILE_0}\"\n";
			showEnvVarsInLog = 0;
		};
/* End PBXShellScriptBuildPhase section */

/* Begin PBXSourcesBuildPhase section */
		7FCF06C223C88B68001C5430 /* Sources */ = {
			isa = PBXSourcesBuildPhase;
			buildActionMask = 2147483647;
			files = (
				7FCF06CC23C88B68001C5430 /* Login_ViewController.swift in Sources */,
				7FD9617B23CDD4BC00060B74 /* RestorePass_ViewController.swift in Sources */,
				8920E0EC23CFA545002F3F5A /* ViewController.swift in Sources */,
				892B1DF823D3886900BD1260 /* AppInfo_Table_ViewController.swift in Sources */,
				7F0A72FF23D86235005DFC7E /* Chart_ViewController.swift in Sources */,
				892A818523CE4AAB002A4484 /* User_ViewController.swift in Sources */,
				8920E0EE23CFBF9F002F3F5A /* AppTableViewCell.swift in Sources */,
				7FCF06DE23C8998E001C5430 /* Singup_ViewController.swift in Sources */,
				7FCF06CA23C88B68001C5430 /* AppDelegate.swift in Sources */,
				7FFD500523D1C6CE00EC3EA4 /* NewRestriction_ViewController.swift in Sources */,
				89FE70C623D4DE0E000E5EE0 /* Restriction_Table_ViewController.swift in Sources */,
				892F85F723D3BC49007202F3 /* Map_ViewController.swift in Sources */,
				7FFD500323D1B5A000EC3EA4 /* AppInfo_ViewController.swift in Sources */,
				89215E6323D0E778006D084A /* EditPassword_ViewController.swift in Sources */,
			);
			runOnlyForDeploymentPostprocessing = 0;
		};
/* End PBXSourcesBuildPhase section */

/* Begin PBXVariantGroup section */
		7FCF06CD23C88B68001C5430 /* Main.storyboard */ = {
			isa = PBXVariantGroup;
			children = (
				7FCF06CE23C88B68001C5430 /* Base */,
			);
			name = Main.storyboard;
			sourceTree = "<group>";
		};
		7FCF06D223C88B6F001C5430 /* LaunchScreen.storyboard */ = {
			isa = PBXVariantGroup;
			children = (
				7FCF06D323C88B6F001C5430 /* Base */,
			);
			name = LaunchScreen.storyboard;
			sourceTree = "<group>";
		};
/* End PBXVariantGroup section */

/* Begin XCBuildConfiguration section */
		7FCF06D623C88B6F001C5430 /* Debug */ = {
			isa = XCBuildConfiguration;
			buildSettings = {
				ALWAYS_SEARCH_USER_PATHS = NO;
				CLANG_ANALYZER_NONNULL = YES;
				CLANG_ANALYZER_NUMBER_OBJECT_CONVERSION = YES_AGGRESSIVE;
				CLANG_CXX_LANGUAGE_STANDARD = "gnu++14";
				CLANG_CXX_LIBRARY = "libc++";
				CLANG_ENABLE_MODULES = YES;
				CLANG_ENABLE_OBJC_ARC = YES;
				CLANG_ENABLE_OBJC_WEAK = YES;
				CLANG_WARN_BLOCK_CAPTURE_AUTORELEASING = YES;
				CLANG_WARN_BOOL_CONVERSION = YES;
				CLANG_WARN_COMMA = YES;
				CLANG_WARN_CONSTANT_CONVERSION = YES;
				CLANG_WARN_DEPRECATED_OBJC_IMPLEMENTATIONS = YES;
				CLANG_WARN_DIRECT_OBJC_ISA_USAGE = YES_ERROR;
				CLANG_WARN_DOCUMENTATION_COMMENTS = YES;
				CLANG_WARN_EMPTY_BODY = YES;
				CLANG_WARN_ENUM_CONVERSION = YES;
				CLANG_WARN_INFINITE_RECURSION = YES;
				CLANG_WARN_INT_CONVERSION = YES;
				CLANG_WARN_NON_LITERAL_NULL_CONVERSION = YES;
				CLANG_WARN_OBJC_IMPLICIT_RETAIN_SELF = YES;
				CLANG_WARN_OBJC_LITERAL_CONVERSION = YES;
				CLANG_WARN_OBJC_ROOT_CLASS = YES_ERROR;
				CLANG_WARN_RANGE_LOOP_ANALYSIS = YES;
				CLANG_WARN_STRICT_PROTOTYPES = YES;
				CLANG_WARN_SUSPICIOUS_MOVE = YES;
				CLANG_WARN_UNGUARDED_AVAILABILITY = YES_AGGRESSIVE;
				CLANG_WARN_UNREACHABLE_CODE = YES;
				CLANG_WARN__DUPLICATE_METHOD_MATCH = YES;
				CODE_SIGN_IDENTITY = "iPhone Developer";
				COPY_PHASE_STRIP = NO;
				DEBUG_INFORMATION_FORMAT = dwarf;
				ENABLE_STRICT_OBJC_MSGSEND = YES;
				ENABLE_TESTABILITY = YES;
				GCC_C_LANGUAGE_STANDARD = gnu11;
				GCC_DYNAMIC_NO_PIC = NO;
				GCC_NO_COMMON_BLOCKS = YES;
				GCC_OPTIMIZATION_LEVEL = 0;
				GCC_PREPROCESSOR_DEFINITIONS = (
					"DEBUG=1",
					"$(inherited)",
				);
				GCC_WARN_64_TO_32_BIT_CONVERSION = YES;
				GCC_WARN_ABOUT_RETURN_TYPE = YES_ERROR;
				GCC_WARN_UNDECLARED_SELECTOR = YES;
				GCC_WARN_UNINITIALIZED_AUTOS = YES_AGGRESSIVE;
				GCC_WARN_UNUSED_FUNCTION = YES;
				GCC_WARN_UNUSED_VARIABLE = YES;
				IPHONEOS_DEPLOYMENT_TARGET = 12.2;
				MTL_ENABLE_DEBUG_INFO = INCLUDE_SOURCE;
				MTL_FAST_MATH = YES;
				ONLY_ACTIVE_ARCH = YES;
				SDKROOT = iphoneos;
				SWIFT_ACTIVE_COMPILATION_CONDITIONS = DEBUG;
				SWIFT_OPTIMIZATION_LEVEL = "-Onone";
			};
			name = Debug;
		};
		7FCF06D723C88B6F001C5430 /* Release */ = {
			isa = XCBuildConfiguration;
			buildSettings = {
				ALWAYS_SEARCH_USER_PATHS = NO;
				CLANG_ANALYZER_NONNULL = YES;
				CLANG_ANALYZER_NUMBER_OBJECT_CONVERSION = YES_AGGRESSIVE;
				CLANG_CXX_LANGUAGE_STANDARD = "gnu++14";
				CLANG_CXX_LIBRARY = "libc++";
				CLANG_ENABLE_MODULES = YES;
				CLANG_ENABLE_OBJC_ARC = YES;
				CLANG_ENABLE_OBJC_WEAK = YES;
				CLANG_WARN_BLOCK_CAPTURE_AUTORELEASING = YES;
				CLANG_WARN_BOOL_CONVERSION = YES;
				CLANG_WARN_COMMA = YES;
				CLANG_WARN_CONSTANT_CONVERSION = YES;
				CLANG_WARN_DEPRECATED_OBJC_IMPLEMENTATIONS = YES;
				CLANG_WARN_DIRECT_OBJC_ISA_USAGE = YES_ERROR;
				CLANG_WARN_DOCUMENTATION_COMMENTS = YES;
				CLANG_WARN_EMPTY_BODY = YES;
				CLANG_WARN_ENUM_CONVERSION = YES;
				CLANG_WARN_INFINITE_RECURSION = YES;
				CLANG_WARN_INT_CONVERSION = YES;
				CLANG_WARN_NON_LITERAL_NULL_CONVERSION = YES;
				CLANG_WARN_OBJC_IMPLICIT_RETAIN_SELF = YES;
				CLANG_WARN_OBJC_LITERAL_CONVERSION = YES;
				CLANG_WARN_OBJC_ROOT_CLASS = YES_ERROR;
				CLANG_WARN_RANGE_LOOP_ANALYSIS = YES;
				CLANG_WARN_STRICT_PROTOTYPES = YES;
				CLANG_WARN_SUSPICIOUS_MOVE = YES;
				CLANG_WARN_UNGUARDED_AVAILABILITY = YES_AGGRESSIVE;
				CLANG_WARN_UNREACHABLE_CODE = YES;
				CLANG_WARN__DUPLICATE_METHOD_MATCH = YES;
				CODE_SIGN_IDENTITY = "iPhone Developer";
				COPY_PHASE_STRIP = NO;
				DEBUG_INFORMATION_FORMAT = "dwarf-with-dsym";
				ENABLE_NS_ASSERTIONS = NO;
				ENABLE_STRICT_OBJC_MSGSEND = YES;
				GCC_C_LANGUAGE_STANDARD = gnu11;
				GCC_NO_COMMON_BLOCKS = YES;
				GCC_WARN_64_TO_32_BIT_CONVERSION = YES;
				GCC_WARN_ABOUT_RETURN_TYPE = YES_ERROR;
				GCC_WARN_UNDECLARED_SELECTOR = YES;
				GCC_WARN_UNINITIALIZED_AUTOS = YES_AGGRESSIVE;
				GCC_WARN_UNUSED_FUNCTION = YES;
				GCC_WARN_UNUSED_VARIABLE = YES;
				IPHONEOS_DEPLOYMENT_TARGET = 12.2;
				MTL_ENABLE_DEBUG_INFO = NO;
				MTL_FAST_MATH = YES;
				SDKROOT = iphoneos;
				SWIFT_COMPILATION_MODE = wholemodule;
				SWIFT_OPTIMIZATION_LEVEL = "-O";
				VALIDATE_PRODUCT = YES;
			};
			name = Release;
		};
		7FCF06D923C88B6F001C5430 /* Debug */ = {
			isa = XCBuildConfiguration;
			baseConfigurationReference = 10CE0840C15FAABA3BF93C18 /* Pods-all_pods-BienestarDigital.debug.xcconfig */;
			buildSettings = {
				ASSETCATALOG_COMPILER_APPICON_NAME = AppIcon;
				CODE_SIGN_STYLE = Automatic;
				INFOPLIST_FILE = BienestarDigital/Info.plist;
				LD_RUNPATH_SEARCH_PATHS = (
					"$(inherited)",
					"@executable_path/Frameworks",
				);
				PRODUCT_BUNDLE_IDENTIFIER = u.BienestarDigital;
				PRODUCT_NAME = "$(TARGET_NAME)";
				SWIFT_VERSION = 5.0;
				TARGETED_DEVICE_FAMILY = "1,2";
			};
			name = Debug;
		};
		7FCF06DA23C88B6F001C5430 /* Release */ = {
			isa = XCBuildConfiguration;
			baseConfigurationReference = 2FFABF403B12F74C52F40333 /* Pods-all_pods-BienestarDigital.release.xcconfig */;
			buildSettings = {
				ASSETCATALOG_COMPILER_APPICON_NAME = AppIcon;
				CODE_SIGN_STYLE = Automatic;
				INFOPLIST_FILE = BienestarDigital/Info.plist;
				LD_RUNPATH_SEARCH_PATHS = (
					"$(inherited)",
					"@executable_path/Frameworks",
				);
				PRODUCT_BUNDLE_IDENTIFIER = u.BienestarDigital;
				PRODUCT_NAME = "$(TARGET_NAME)";
				SWIFT_VERSION = 5.0;
				TARGETED_DEVICE_FAMILY = "1,2";
			};
			name = Release;
		};
/* End XCBuildConfiguration section */

/* Begin XCConfigurationList section */
		7FCF06C123C88B68001C5430 /* Build configuration list for PBXProject "BienestarDigital" */ = {
			isa = XCConfigurationList;
			buildConfigurations = (
				7FCF06D623C88B6F001C5430 /* Debug */,
				7FCF06D723C88B6F001C5430 /* Release */,
			);
			defaultConfigurationIsVisible = 0;
			defaultConfigurationName = Release;
		};
		7FCF06D823C88B6F001C5430 /* Build configuration list for PBXNativeTarget "BienestarDigital" */ = {
			isa = XCConfigurationList;
			buildConfigurations = (
				7FCF06D923C88B6F001C5430 /* Debug */,
				7FCF06DA23C88B6F001C5430 /* Release */,
			);
			defaultConfigurationIsVisible = 0;
			defaultConfigurationName = Release;
		};
/* End XCConfigurationList section */
	};
	rootObject = 7FCF06BE23C88B68001C5430 /* Project object */;
}
